// !$*UTF8*$!
{
	archiveVersion = 1;
	classes = {
	};
	objectVersion = 50;
	objects = {

/* Begin PBXBuildFile section */
		BCA174502163386200CEC536 /* ConatctTableViewCell.swift in Sources */ = {isa = PBXBuildFile; fileRef = BCA1744F2163386200CEC536 /* ConatctTableViewCell.swift */; };
		BCA17452216339EA00CEC536 /* AddContactViewController.swift in Sources */ = {isa = PBXBuildFile; fileRef = BCA17451216339EA00CEC536 /* AddContactViewController.swift */; };
		BCE1D551216316F6008C6214 /* AppDelegate.swift in Sources */ = {isa = PBXBuildFile; fileRef = BCE1D550216316F6008C6214 /* AppDelegate.swift */; };
		BCE1D553216316F6008C6214 /* ViewController.swift in Sources */ = {isa = PBXBuildFile; fileRef = BCE1D552216316F6008C6214 /* ViewController.swift */; };
		BCE1D556216316F6008C6214 /* Main.storyboard in Resources */ = {isa = PBXBuildFile; fileRef = BCE1D554216316F6008C6214 /* Main.storyboard */; };
		BCE1D559216316F6008C6214 /* PracticeCoreData.xcdatamodeld in Sources */ = {isa = PBXBuildFile; fileRef = BCE1D557216316F6008C6214 /* PracticeCoreData.xcdatamodeld */; };
		BCE1D55B216316F8008C6214 /* Assets.xcassets in Resources */ = {isa = PBXBuildFile; fileRef = BCE1D55A216316F8008C6214 /* Assets.xcassets */; };
		BCE1D55E216316F8008C6214 /* LaunchScreen.storyboard in Resources */ = {isa = PBXBuildFile; fileRef = BCE1D55C216316F8008C6214 /* LaunchScreen.storyboard */; };
		BCE1D569216316F8008C6214 /* PracticeCoreDataTests.swift in Sources */ = {isa = PBXBuildFile; fileRef = BCE1D568216316F8008C6214 /* PracticeCoreDataTests.swift */; };
		BCE1D574216316F8008C6214 /* PracticeCoreDataUITests.swift in Sources */ = {isa = PBXBuildFile; fileRef = BCE1D573216316F8008C6214 /* PracticeCoreDataUITests.swift */; };
		BCE1D58221631863008C6214 /* Contact.swift in Sources */ = {isa = PBXBuildFile; fileRef = BCE1D58121631863008C6214 /* Contact.swift */; };
/* End PBXBuildFile section */

/* Begin PBXContainerItemProxy section */
		BCE1D565216316F8008C6214 /* PBXContainerItemProxy */ = {
			isa = PBXContainerItemProxy;
			containerPortal = BCE1D545216316F6008C6214 /* Project object */;
			proxyType = 1;
			remoteGlobalIDString = BCE1D54C216316F6008C6214;
			remoteInfo = PracticeCoreData;
		};
		BCE1D570216316F8008C6214 /* PBXContainerItemProxy */ = {
			isa = PBXContainerItemProxy;
			containerPortal = BCE1D545216316F6008C6214 /* Project object */;
			proxyType = 1;
			remoteGlobalIDString = BCE1D54C216316F6008C6214;
			remoteInfo = PracticeCoreData;
		};
/* End PBXContainerItemProxy section */

/* Begin PBXFileReference section */
		BCA1744F2163386200CEC536 /* ConatctTableViewCell.swift */ = {isa = PBXFileReference; lastKnownFileType = sourcecode.swift; path = ConatctTableViewCell.swift; sourceTree = "<group>"; };
		BCA17451216339EA00CEC536 /* AddContactViewController.swift */ = {isa = PBXFileReference; lastKnownFileType = sourcecode.swift; path = AddContactViewController.swift; sourceTree = "<group>"; };
		BCE1D54D216316F6008C6214 /* PracticeCoreData.app */ = {isa = PBXFileReference; explicitFileType = wrapper.application; includeInIndex = 0; path = PracticeCoreData.app; sourceTree = BUILT_PRODUCTS_DIR; };
		BCE1D550216316F6008C6214 /* AppDelegate.swift */ = {isa = PBXFileReference; lastKnownFileType = sourcecode.swift; path = AppDelegate.swift; sourceTree = "<group>"; };
		BCE1D552216316F6008C6214 /* ViewController.swift */ = {isa = PBXFileReference; lastKnownFileType = sourcecode.swift; path = ViewController.swift; sourceTree = "<group>"; };
		BCE1D555216316F6008C6214 /* Base */ = {isa = PBXFileReference; lastKnownFileType = file.storyboard; name = Base; path = Base.lproj/Main.storyboard; sourceTree = "<group>"; };
		BCE1D558216316F6008C6214 /* PracticeCoreData.xcdatamodel */ = {isa = PBXFileReference; lastKnownFileType = wrapper.xcdatamodel; path = PracticeCoreData.xcdatamodel; sourceTree = "<group>"; };
		BCE1D55A216316F8008C6214 /* Assets.xcassets */ = {isa = PBXFileReference; lastKnownFileType = folder.assetcatalog; path = Assets.xcassets; sourceTree = "<group>"; };
		BCE1D55D216316F8008C6214 /* Base */ = {isa = PBXFileReference; lastKnownFileType = file.storyboard; name = Base; path = Base.lproj/LaunchScreen.storyboard; sourceTree = "<group>"; };
		BCE1D55F216316F8008C6214 /* Info.plist */ = {isa = PBXFileReference; lastKnownFileType = text.plist.xml; path = Info.plist; sourceTree = "<group>"; };
		BCE1D564216316F8008C6214 /* PracticeCoreDataTests.xctest */ = {isa = PBXFileReference; explicitFileType = wrapper.cfbundle; includeInIndex = 0; path = PracticeCoreDataTests.xctest; sourceTree = BUILT_PRODUCTS_DIR; };
		BCE1D568216316F8008C6214 /* PracticeCoreDataTests.swift */ = {isa = PBXFileReference; lastKnownFileType = sourcecode.swift; path = PracticeCoreDataTests.swift; sourceTree = "<group>"; };
		BCE1D56A216316F8008C6214 /* Info.plist */ = {isa = PBXFileReference; lastKnownFileType = text.plist.xml; path = Info.plist; sourceTree = "<group>"; };
		BCE1D56F216316F8008C6214 /* PracticeCoreDataUITests.xctest */ = {isa = PBXFileReference; explicitFileType = wrapper.cfbundle; includeInIndex = 0; path = PracticeCoreDataUITests.xctest; sourceTree = BUILT_PRODUCTS_DIR; };
		BCE1D573216316F8008C6214 /* PracticeCoreDataUITests.swift */ = {isa = PBXFileReference; lastKnownFileType = sourcecode.swift; path = PracticeCoreDataUITests.swift; sourceTree = "<group>"; };
		BCE1D575216316F8008C6214 /* Info.plist */ = {isa = PBXFileReference; lastKnownFileType = text.plist.xml; path = Info.plist; sourceTree = "<group>"; };
		BCE1D58121631863008C6214 /* Contact.swift */ = {isa = PBXFileReference; lastKnownFileType = sourcecode.swift; path = Contact.swift; sourceTree = "<group>"; };
/* End PBXFileReference section */

/* Begin PBXFrameworksBuildPhase section */
		BCE1D54A216316F6008C6214 /* Frameworks */ = {
			isa = PBXFrameworksBuildPhase;
			buildActionMask = 2147483647;
			files = (
			);
			runOnlyForDeploymentPostprocessing = 0;
		};
		BCE1D561216316F8008C6214 /* Frameworks */ = {
			isa = PBXFrameworksBuildPhase;
			buildActionMask = 2147483647;
			files = (
			);
			runOnlyForDeploymentPostprocessing = 0;
		};
		BCE1D56C216316F8008C6214 /* Frameworks */ = {
			isa = PBXFrameworksBuildPhase;
			buildActionMask = 2147483647;
			files = (
			);
			runOnlyForDeploymentPostprocessing = 0;
		};
/* End PBXFrameworksBuildPhase section */

/* Begin PBXGroup section */
		BCE1D544216316F6008C6214 = {
			isa = PBXGroup;
			children = (
				BCE1D54F216316F6008C6214 /* PracticeCoreData */,
				BCE1D567216316F8008C6214 /* PracticeCoreDataTests */,
				BCE1D572216316F8008C6214 /* PracticeCoreDataUITests */,
				BCE1D54E216316F6008C6214 /* Products */,
			);
			sourceTree = "<group>";
		};
		BCE1D54E216316F6008C6214 /* Products */ = {
			isa = PBXGroup;
			children = (
				BCE1D54D216316F6008C6214 /* PracticeCoreData.app */,
				BCE1D564216316F8008C6214 /* PracticeCoreDataTests.xctest */,
				BCE1D56F216316F8008C6214 /* PracticeCoreDataUITests.xctest */,
			);
			name = Products;
			sourceTree = "<group>";
		};
		BCE1D54F216316F6008C6214 /* PracticeCoreData */ = {
			isa = PBXGroup;
			children = (
				BCE1D550216316F6008C6214 /* AppDelegate.swift */,
				BCE1D552216316F6008C6214 /* ViewController.swift */,
				BCE1D554216316F6008C6214 /* Main.storyboard */,
				BCE1D55A216316F8008C6214 /* Assets.xcassets */,
				BCE1D55C216316F8008C6214 /* LaunchScreen.storyboard */,
				BCE1D55F216316F8008C6214 /* Info.plist */,
				BCE1D557216316F6008C6214 /* PracticeCoreData.xcdatamodeld */,
				BCE1D58121631863008C6214 /* Contact.swift */,
				BCA1744F2163386200CEC536 /* ConatctTableViewCell.swift */,
				BCA17451216339EA00CEC536 /* AddContactViewController.swift */,
			);
			path = PracticeCoreData;
			sourceTree = "<group>";
		};
		BCE1D567216316F8008C6214 /* PracticeCoreDataTests */ = {
			isa = PBXGroup;
			children = (
				BCE1D568216316F8008C6214 /* PracticeCoreDataTests.swift */,
				BCE1D56A216316F8008C6214 /* Info.plist */,
			);
			path = PracticeCoreDataTests;
			sourceTree = "<group>";
		};
		BCE1D572216316F8008C6214 /* PracticeCoreDataUITests */ = {
			isa = PBXGroup;
			children = (
				BCE1D573216316F8008C6214 /* PracticeCoreDataUITests.swift */,
				BCE1D575216316F8008C6214 /* Info.plist */,
			);
			path = PracticeCoreDataUITests;
			sourceTree = "<group>";
		};
/* End PBXGroup section */

/* Begin PBXNativeTarget section */
		BCE1D54C216316F6008C6214 /* PracticeCoreData */ = {
			isa = PBXNativeTarget;
			buildConfigurationList = BCE1D578216316F8008C6214 /* Build configuration list for PBXNativeTarget "PracticeCoreData" */;
			buildPhases = (
				BCE1D549216316F6008C6214 /* Sources */,
				BCE1D54A216316F6008C6214 /* Frameworks */,
				BCE1D54B216316F6008C6214 /* Resources */,
			);
			buildRules = (
			);
			dependencies = (
			);
			name = PracticeCoreData;
			productName = PracticeCoreData;
			productReference = BCE1D54D216316F6008C6214 /* PracticeCoreData.app */;
			productType = "com.apple.product-type.application";
		};
		BCE1D563216316F8008C6214 /* PracticeCoreDataTests */ = {
			isa = PBXNativeTarget;
			buildConfigurationList = BCE1D57B216316F8008C6214 /* Build configuration list for PBXNativeTarget "PracticeCoreDataTests" */;
			buildPhases = (
				BCE1D560216316F8008C6214 /* Sources */,
				BCE1D561216316F8008C6214 /* Frameworks */,
				BCE1D562216316F8008C6214 /* Resources */,
			);
			buildRules = (
			);
			dependencies = (
				BCE1D566216316F8008C6214 /* PBXTargetDependency */,
			);
			name = PracticeCoreDataTests;
			productName = PracticeCoreDataTests;
			productReference = BCE1D564216316F8008C6214 /* PracticeCoreDataTests.xctest */;
			productType = "com.apple.product-type.bundle.unit-test";
		};
		BCE1D56E216316F8008C6214 /* PracticeCoreDataUITests */ = {
			isa = PBXNativeTarget;
			buildConfigurationList = BCE1D57E216316F8008C6214 /* Build configuration list for PBXNativeTarget "PracticeCoreDataUITests" */;
			buildPhases = (
				BCE1D56B216316F8008C6214 /* Sources */,
				BCE1D56C216316F8008C6214 /* Frameworks */,
				BCE1D56D216316F8008C6214 /* Resources */,
			);
			buildRules = (
			);
			dependencies = (
				BCE1D571216316F8008C6214 /* PBXTargetDependency */,
			);
			name = PracticeCoreDataUITests;
			productName = PracticeCoreDataUITests;
			productReference = BCE1D56F216316F8008C6214 /* PracticeCoreDataUITests.xctest */;
			productType = "com.apple.product-type.bundle.ui-testing";
		};
/* End PBXNativeTarget section */

/* Begin PBXProject section */
		BCE1D545216316F6008C6214 /* Project object */ = {
			isa = PBXProject;
			attributes = {
				LastSwiftUpdateCheck = 1000;
				LastUpgradeCheck = 1000;
				ORGANIZATIONNAME = kazi;
				TargetAttributes = {
					BCE1D54C216316F6008C6214 = {
						CreatedOnToolsVersion = 10.0;
					};
					BCE1D563216316F8008C6214 = {
						CreatedOnToolsVersion = 10.0;
						TestTargetID = BCE1D54C216316F6008C6214;
					};
					BCE1D56E216316F8008C6214 = {
						CreatedOnToolsVersion = 10.0;
						TestTargetID = BCE1D54C216316F6008C6214;
					};
				};
			};
			buildConfigurationList = BCE1D548216316F6008C6214 /* Build configuration list for PBXProject "PracticeCoreData" */;
			compatibilityVersion = "Xcode 9.3";
			developmentRegion = en;
			hasScannedForEncodings = 0;
			knownRegions = (
				en,
				Base,
			);
			mainGroup = BCE1D544216316F6008C6214;
			productRefGroup = BCE1D54E216316F6008C6214 /* Products */;
			projectDirPath = "";
			projectRoot = "";
			targets = (
				BCE1D54C216316F6008C6214 /* PracticeCoreData */,
				BCE1D563216316F8008C6214 /* PracticeCoreDataTests */,
				BCE1D56E216316F8008C6214 /* PracticeCoreDataUITests */,
			);
		};
/* End PBXProject section */

/* Begin PBXResourcesBuildPhase section */
		BCE1D54B216316F6008C6214 /* Resources */ = {
			isa = PBXResourcesBuildPhase;
			buildActionMask = 2147483647;
			files = (
				BCE1D55E216316F8008C6214 /* LaunchScreen.storyboard in Resources */,
				BCE1D55B216316F8008C6214 /* Assets.xcassets in Resources */,
				BCE1D556216316F6008C6214 /* Main.storyboard in Resources */,
			);
			runOnlyForDeploymentPostprocessing = 0;
		};
		BCE1D562216316F8008C6214 /* Resources */ = {
			isa = PBXResourcesBuildPhase;
			buildActionMask = 2147483647;
			files = (
			);
			runOnlyForDeploymentPostprocessing = 0;
		};
		BCE1D56D216316F8008C6214 /* Resources */ = {
			isa = PBXResourcesBuildPhase;
			buildActionMask = 2147483647;
			files = (
			);
			runOnlyForDeploymentPostprocessing = 0;
		};
/* End PBXResourcesBuildPhase section */

/* Begin PBXSourcesBuildPhase section */
		BCE1D549216316F6008C6214 /* Sources */ = {
			isa = PBXSourcesBuildPhase;
			buildActionMask = 2147483647;
			files = (
				BCE1D58221631863008C6214 /* Contact.swift in Sources */,
				BCE1D553216316F6008C6214 /* ViewController.swift in Sources */,
				BCE1D559216316F6008C6214 /* PracticeCoreData.xcdatamodeld in Sources */,
				BCA17452216339EA00CEC536 /* AddContactViewController.swift in Sources */,
				BCA174502163386200CEC536 /* ConatctTableViewCell.swift in Sources */,
				BCE1D551216316F6008C6214 /* AppDelegate.swift in Sources */,
			);
			runOnlyForDeploymentPostprocessing = 0;
		};
		BCE1D560216316F8008C6214 /* Sources */ = {
			isa = PBXSourcesBuildPhase;
			buildActionMask = 2147483647;
			files = (
				BCE1D569216316F8008C6214 /* PracticeCoreDataTests.swift in Sources */,
			);
			runOnlyForDeploymentPostprocessing = 0;
		};
		BCE1D56B216316F8008C6214 /* Sources */ = {
			isa = PBXSourcesBuildPhase;
			buildActionMask = 2147483647;
			files = (
				BCE1D574216316F8008C6214 /* PracticeCoreDataUITests.swift in Sources */,
			);
			runOnlyForDeploymentPostprocessing = 0;
		};
/* End PBXSourcesBuildPhase section */

/* Begin PBXTargetDependency section */
		BCE1D566216316F8008C6214 /* PBXTargetDependency */ = {
			isa = PBXTargetDependency;
			target = BCE1D54C216316F6008C6214 /* PracticeCoreData */;
			targetProxy = BCE1D565216316F8008C6214 /* PBXContainerItemProxy */;
		};
		BCE1D571216316F8008C6214 /* PBXTargetDependency */ = {
			isa = PBXTargetDependency;
			target = BCE1D54C216316F6008C6214 /* PracticeCoreData */;
			targetProxy = BCE1D570216316F8008C6214 /* PBXContainerItemProxy */;
		};
/* End PBXTargetDependency section */

/* Begin PBXVariantGroup section */
		BCE1D554216316F6008C6214 /* Main.storyboard */ = {
			isa = PBXVariantGroup;
			children = (
				BCE1D555216316F6008C6214 /* Base */,
			);
			name = Main.storyboard;
			sourceTree = "<group>";
		};
		BCE1D55C216316F8008C6214 /* LaunchScreen.storyboard */ = {
			isa = PBXVariantGroup;
			children = (
				BCE1D55D216316F8008C6214 /* Base */,
			);
			name = LaunchScreen.storyboard;
			sourceTree = "<group>";
		};
/* End PBXVariantGroup section */

/* Begin XCBuildConfiguration section */
		BCE1D576216316F8008C6214 /* Debug */ = {
			isa = XCBuildConfiguration;
			buildSettings = {
				ALWAYS_SEARCH_USER_PATHS = NO;
				CLANG_ANALYZER_NONNULL = YES;
				CLANG_ANALYZER_NUMBER_OBJECT_CONVERSION = YES_AGGRESSIVE;
				CLANG_CXX_LANGUAGE_STANDARD = "gnu++14";
				CLANG_CXX_LIBRARY = "libc++";
				CLANG_ENABLE_MODULES = YES;
				CLANG_ENABLE_OBJC_ARC = YES;
				CLANG_ENABLE_OBJC_WEAK = YES;
				CLANG_WARN_BLOCK_CAPTURE_AUTORELEASING = YES;
				CLANG_WARN_BOOL_CONVERSION = YES;
				CLANG_WARN_COMMA = YES;
				CLANG_WARN_CONSTANT_CONVERSION = YES;
				CLANG_WARN_DEPRECATED_OBJC_IMPLEMENTATIONS = YES;
				CLANG_WARN_DIRECT_OBJC_ISA_USAGE = YES_ERROR;
				CLANG_WARN_DOCUMENTATION_COMMENTS = YES;
				CLANG_WARN_EMPTY_BODY = YES;
				CLANG_WARN_ENUM_CONVERSION = YES;
				CLANG_WARN_INFINITE_RECURSION = YES;
				CLANG_WARN_INT_CONVERSION = YES;
				CLANG_WARN_NON_LITERAL_NULL_CONVERSION = YES;
				CLANG_WARN_OBJC_IMPLICIT_RETAIN_SELF = YES;
				CLANG_WARN_OBJC_LITERAL_CONVERSION = YES;
				CLANG_WARN_OBJC_ROOT_CLASS = YES_ERROR;
				CLANG_WARN_RANGE_LOOP_ANALYSIS = YES;
				CLANG_WARN_STRICT_PROTOTYPES = YES;
				CLANG_WARN_SUSPICIOUS_MOVE = YES;
				CLANG_WARN_UNGUARDED_AVAILABILITY = YES_AGGRESSIVE;
				CLANG_WARN_UNREACHABLE_CODE = YES;
				CLANG_WARN__DUPLICATE_METHOD_MATCH = YES;
				CODE_SIGN_IDENTITY = "iPhone Developer";
				COPY_PHASE_STRIP = NO;
				DEBUG_INFORMATION_FORMAT = dwarf;
				ENABLE_STRICT_OBJC_MSGSEND = YES;
				ENABLE_TESTABILITY = YES;
				GCC_C_LANGUAGE_STANDARD = gnu11;
				GCC_DYNAMIC_NO_PIC = NO;
				GCC_NO_COMMON_BLOCKS = YES;
				GCC_OPTIMIZATION_LEVEL = 0;
				GCC_PREPROCESSOR_DEFINITIONS = (
					"DEBUG=1",
					"$(inherited)",
				);
				GCC_WARN_64_TO_32_BIT_CONVERSION = YES;
				GCC_WARN_ABOUT_RETURN_TYPE = YES_ERROR;
				GCC_WARN_UNDECLARED_SELECTOR = YES;
				GCC_WARN_UNINITIALIZED_AUTOS = YES_AGGRESSIVE;
				GCC_WARN_UNUSED_FUNCTION = YES;
				GCC_WARN_UNUSED_VARIABLE = YES;
				IPHONEOS_DEPLOYMENT_TARGET = 12.0;
				MTL_ENABLE_DEBUG_INFO = INCLUDE_SOURCE;
				MTL_FAST_MATH = YES;
				ONLY_ACTIVE_ARCH = YES;
				SDKROOT = iphoneos;
				SWIFT_ACTIVE_COMPILATION_CONDITIONS = DEBUG;
				SWIFT_OPTIMIZATION_LEVEL = "-Onone";
			};
			name = Debug;
		};
		BCE1D577216316F8008C6214 /* Release */ = {
			isa = XCBuildConfiguration;
			buildSettings = {
				ALWAYS_SEARCH_USER_PATHS = NO;
				CLANG_ANALYZER_NONNULL = YES;
				CLANG_ANALYZER_NUMBER_OBJECT_CONVERSION = YES_AGGRESSIVE;
				CLANG_CXX_LANGUAGE_STANDARD = "gnu++14";
				CLANG_CXX_LIBRARY = "libc++";
				CLANG_ENABLE_MODULES = YES;
				CLANG_ENABLE_OBJC_ARC = YES;
				CLANG_ENABLE_OBJC_WEAK = YES;
				CLANG_WARN_BLOCK_CAPTURE_AUTORELEASING = YES;
				CLANG_WARN_BOOL_CONVERSION = YES;
				CLANG_WARN_COMMA = YES;
				CLANG_WARN_CONSTANT_CONVERSION = YES;
				CLANG_WARN_DEPRECATED_OBJC_IMPLEMENTATIONS = YES;
				CLANG_WARN_DIRECT_OBJC_ISA_USAGE = YES_ERROR;
				CLANG_WARN_DOCUMENTATION_COMMENTS = YES;
				CLANG_WARN_EMPTY_BODY = YES;
				CLANG_WARN_ENUM_CONVERSION = YES;
				CLANG_WARN_INFINITE_RECURSION = YES;
				CLANG_WARN_INT_CONVERSION = YES;
				CLANG_WARN_NON_LITERAL_NULL_CONVERSION = YES;
				CLANG_WARN_OBJC_IMPLICIT_RETAIN_SELF = YES;
				CLANG_WARN_OBJC_LITERAL_CONVERSION = YES;
				CLANG_WARN_OBJC_ROOT_CLASS = YES_ERROR;
				CLANG_WARN_RANGE_LOOP_ANALYSIS = YES;
				CLANG_WARN_STRICT_PROTOTYPES = YES;
				CLANG_WARN_SUSPICIOUS_MOVE = YES;
				CLANG_WARN_UNGUARDED_AVAILABILITY = YES_AGGRESSIVE;
				CLANG_WARN_UNREACHABLE_CODE = YES;
				CLANG_WARN__DUPLICATE_METHOD_MATCH = YES;
				CODE_SIGN_IDENTITY = "iPhone Developer";
				COPY_PHASE_STRIP = NO;
				DEBUG_INFORMATION_FORMAT = "dwarf-with-dsym";
				ENABLE_NS_ASSERTIONS = NO;
				ENABLE_STRICT_OBJC_MSGSEND = YES;
				GCC_C_LANGUAGE_STANDARD = gnu11;
				GCC_NO_COMMON_BLOCKS = YES;
				GCC_WARN_64_TO_32_BIT_CONVERSION = YES;
				GCC_WARN_ABOUT_RETURN_TYPE = YES_ERROR;
				GCC_WARN_UNDECLARED_SELECTOR = YES;
				GCC_WARN_UNINITIALIZED_AUTOS = YES_AGGRESSIVE;
				GCC_WARN_UNUSED_FUNCTION = YES;
				GCC_WARN_UNUSED_VARIABLE = YES;
				IPHONEOS_DEPLOYMENT_TARGET = 12.0;
				MTL_ENABLE_DEBUG_INFO = NO;
				MTL_FAST_MATH = YES;
				SDKROOT = iphoneos;
				SWIFT_COMPILATION_MODE = wholemodule;
				SWIFT_OPTIMIZATION_LEVEL = "-O";
				VALIDATE_PRODUCT = YES;
			};
			name = Release;
		};
		BCE1D579216316F8008C6214 /* Debug */ = {
			isa = XCBuildConfiguration;
			buildSettings = {
				ASSETCATALOG_COMPILER_APPICON_NAME = AppIcon;
				CODE_SIGN_STYLE = Manual;
				DEVELOPMENT_TEAM = "";
				INFOPLIST_FILE = PracticeCoreData/Info.plist;
				LD_RUNPATH_SEARCH_PATHS = (
					"$(inherited)",
					"@executable_path/Frameworks",
				);
				PRODUCT_BUNDLE_IDENTIFIER = com.kazi.PracticeCoreData;
				PRODUCT_NAME = "$(TARGET_NAME)";
				PROVISIONING_PROFILE_SPECIFIER = "";
				SWIFT_VERSION = 4.2;
				TARGETED_DEVICE_FAMILY = "1,2";
			};
			name = Debug;
		};
		BCE1D57A216316F8008C6214 /* Release */ = {
			isa = XCBuildConfiguration;
			buildSettings = {
				ASSETCATALOG_COMPILER_APPICON_NAME = AppIcon;
				CODE_SIGN_STYLE = Manual;
				DEVELOPMENT_TEAM = "";
				INFOPLIST_FILE = PracticeCoreData/Info.plist;
				LD_RUNPATH_SEARCH_PATHS = (
					"$(inherited)",
					"@executable_path/Frameworks",
				);
				PRODUCT_BUNDLE_IDENTIFIER = com.kazi.PracticeCoreData;
				PRODUCT_NAME = "$(TARGET_NAME)";
				PROVISIONING_PROFILE_SPECIFIER = "";
				SWIFT_VERSION = 4.2;
				TARGETED_DEVICE_FAMILY = "1,2";
			};
			name = Release;
		};
		BCE1D57C216316F8008C6214 /* Debug */ = {
			isa = XCBuildConfiguration;
			buildSettings = {
				ALWAYS_EMBED_SWIFT_STANDARD_LIBRARIES = YES;
				BUNDLE_LOADER = "$(TEST_HOST)";
				CODE_SIGN_STYLE = Automatic;
				INFOPLIST_FILE = PracticeCoreDataTests/Info.plist;
				LD_RUNPATH_SEARCH_PATHS = (
					"$(inherited)",
					"@executable_path/Frameworks",
					"@loader_path/Frameworks",
				);
				PRODUCT_BUNDLE_IDENTIFIER = com.kazi.PracticeCoreDataTests;
				PRODUCT_NAME = "$(TARGET_NAME)";
				SWIFT_VERSION = 4.2;
				TARGETED_DEVICE_FAMILY = "1,2";
				TEST_HOST = "$(BUILT_PRODUCTS_DIR)/PracticeCoreData.app/PracticeCoreData";
			};
			name = Debug;
		};
		BCE1D57D216316F8008C6214 /* Release */ = {
			isa = XCBuildConfiguration;
			buildSettings = {
				ALWAYS_EMBED_SWIFT_STANDARD_LIBRARIES = YES;
				BUNDLE_LOADER = "$(TEST_HOST)";
				CODE_SIGN_STYLE = Automatic;
				INFOPLIST_FILE = PracticeCoreDataTests/Info.plist;
				LD_RUNPATH_SEARCH_PATHS = (
					"$(inherited)",
					"@executable_path/Frameworks",
					"@loader_path/Frameworks",
				);
				PRODUCT_BUNDLE_IDENTIFIER = com.kazi.PracticeCoreDataTests;
				PRODUCT_NAME = "$(TARGET_NAME)";
				SWIFT_VERSION = 4.2;
				TARGETED_DEVICE_FAMILY = "1,2";
				TEST_HOST = "$(BUILT_PRODUCTS_DIR)/PracticeCoreData.app/PracticeCoreData";
			};
			name = Release;
		};
		BCE1D57F216316F8008C6214 /* Debug */ = {
			isa = XCBuildConfiguration;
			buildSettings = {
				ALWAYS_EMBED_SWIFT_STANDARD_LIBRARIES = YES;
				CODE_SIGN_STYLE = Automatic;
				INFOPLIST_FILE = PracticeCoreDataUITests/Info.plist;
				LD_RUNPATH_SEARCH_PATHS = (
					"$(inherited)",
					"@executable_path/Frameworks",
					"@loader_path/Frameworks",
				);
				PRODUCT_BUNDLE_IDENTIFIER = com.kazi.PracticeCoreDataUITests;
				PRODUCT_NAME = "$(TARGET_NAME)";
				SWIFT_VERSION = 4.2;
				TARGETED_DEVICE_FAMILY = "1,2";
				TEST_TARGET_NAME = PracticeCoreData;
			};
			name = Debug;
		};
		BCE1D580216316F8008C6214 /* Release */ = {
			isa = XCBuildConfiguration;
			buildSettings = {
				ALWAYS_EMBED_SWIFT_STANDARD_LIBRARIES = YES;
				CODE_SIGN_STYLE = Automatic;
				INFOPLIST_FILE = PracticeCoreDataUITests/Info.plist;
				LD_RUNPATH_SEARCH_PATHS = (
					"$(inherited)",
					"@executable_path/Frameworks",
					"@loader_path/Frameworks",
				);
				PRODUCT_BUNDLE_IDENTIFIER = com.kazi.PracticeCoreDataUITests;
				PRODUCT_NAME = "$(TARGET_NAME)";
				SWIFT_VERSION = 4.2;
				TARGETED_DEVICE_FAMILY = "1,2";
				TEST_TARGET_NAME = PracticeCoreData;
			};
			name = Release;
		};
/* End XCBuildConfiguration section */

/* Begin XCConfigurationList section */
		BCE1D548216316F6008C6214 /* Build configuration list for PBXProject "PracticeCoreData" */ = {
			isa = XCConfigurationList;
			buildConfigurations = (
				BCE1D576216316F8008C6214 /* Debug */,
				BCE1D577216316F8008C6214 /* Release */,
			);
			defaultConfigurationIsVisible = 0;
			defaultConfigurationName = Release;
		};
		BCE1D578216316F8008C6214 /* Build configuration list for PBXNativeTarget "PracticeCoreData" */ = {
			isa = XCConfigurationList;
			buildConfigurations = (
				BCE1D579216316F8008C6214 /* Debug */,
				BCE1D57A216316F8008C6214 /* Release */,
			);
			defaultConfigurationIsVisible = 0;
			defaultConfigurationName = Release;
		};
		BCE1D57B216316F8008C6214 /* Build configuration list for PBXNativeTarget "PracticeCoreDataTests" */ = {
			isa = XCConfigurationList;
			buildConfigurations = (
				BCE1D57C216316F8008C6214 /* Debug */,
				BCE1D57D216316F8008C6214 /* Release */,
			);
			defaultConfigurationIsVisible = 0;
			defaultConfigurationName = Release;
		};
		BCE1D57E216316F8008C6214 /* Build configuration list for PBXNativeTarget "PracticeCoreDataUITests" */ = {
			isa = XCConfigurationList;
			buildConfigurations = (
				BCE1D57F216316F8008C6214 /* Debug */,
				BCE1D580216316F8008C6214 /* Release */,
			);
			defaultConfigurationIsVisible = 0;
			defaultConfigurationName = Release;
		};
/* End XCConfigurationList section */

/* Begin XCVersionGroup section */
		BCE1D557216316F6008C6214 /* PracticeCoreData.xcdatamodeld */ = {
			isa = XCVersionGroup;
			children = (
				BCE1D558216316F6008C6214 /* PracticeCoreData.xcdatamodel */,
			);
			currentVersion = BCE1D558216316F6008C6214 /* PracticeCoreData.xcdatamodel */;
			path = PracticeCoreData.xcdatamodeld;
			sourceTree = "<group>";
			versionGroupType = wrapper.xcdatamodel;
		};
/* End XCVersionGroup section */
	};
	rootObject = BCE1D545216316F6008C6214 /* Project object */;
}
